
Microsoft Visual Studio Solution File, Format Version 12.00
# Visual Studio Version 16
VisualStudioVersion = 16.0.30204.135
MinimumVisualStudioVersion = 10.0.40219.1
Project("{9092AA53-FB77-4645-B42D-1CCCA6BD08BD}") = "Assignment2_JS", "Assignment1_JS\Assignment2_JS.njsproj", "{AE2B85A3-5A31-4572-AB1B-85ED78E6B992}"
EndProject
Global
	GlobalSection(SolutionConfigurationPlatforms) = preSolution
		Debug|Any CPU = Debug|Any CPU
		Release|Any CPU = Release|Any CPU
	EndGlobalSection
	GlobalSection(ProjectConfigurationPlatforms) = postSolution
		{AE2B85A3-5A31-4572-AB1B-85ED78E6B992}.Debug|Any CPU.ActiveCfg = Debug|Any CPU
		{AE2B85A3-5A31-4572-AB1B-85ED78E6B992}.Debug|Any CPU.Build.0 = Debug|Any CPU
		{AE2B85A3-5A31-4572-AB1B-85ED78E6B992}.Release|Any CPU.ActiveCfg = Release|Any CPU
		{AE2B85A3-5A31-4572-AB1B-85ED78E6B992}.Release|Any CPU.Build.0 = Release|Any CPU
	EndGlobalSection
	GlobalSection(SolutionProperties) = preSolution
		HideSolutionNode = FALSE
	EndGlobalSection
	GlobalSection(ExtensibilityGlobals) = postSolution
		SolutionGuid = {1D293707-03F4-4C9E-ACEB-ED0A79B5D1A5}
	EndGlobalSection
EndGlobal
